
Microsoft Visual Studio Solution File, Format Version 12.00
# Visual Studio 14
VisualStudioVersion = 14.0.25420.1
MinimumVisualStudioVersion = 10.0.40219.1
Project("{FAE04EC0-301F-11D3-BF4B-00C04F79EFBC}") = "DeviceCIMSys", "DeviceCIMSys\DeviceCIMSys.csproj", "{0F8DBB2D-6806-4611-A476-AD926EEFDD4B}"
EndProject
Project("{FAE04EC0-301F-11D3-BF4B-00C04F79EFBC}") = "DeviceControls", "Controls\DeviceControls.csproj", "{82B3281B-D4B1-433D-959B-E9ED67F3F3B1}"
EndProject
Project("{FAE04EC0-301F-11D3-BF4B-00C04F79EFBC}") = "clsMXCom1", "clsMXCom1\clsMXCom1.csproj", "{D010C8B0-A1A7-4CB6-BBD5-77EC43828A7F}"
EndProject
Project("{FAE04EC0-301F-11D3-BF4B-00C04F79EFBC}") = "DeviceManager", "DeviceManager\DeviceManager.csproj", "{F182AA3C-D499-4ABC-88E7-7A567584081B}"
EndProject
Global
	GlobalSection(SolutionConfigurationPlatforms) = preSolution
		Debug|Any CPU = Debug|Any CPU
		Debug|x86 = Debug|x86
		Release|Any CPU = Release|Any CPU
		Release|x86 = Release|x86
	EndGlobalSection
	GlobalSection(ProjectConfigurationPlatforms) = postSolution
		{0F8DBB2D-6806-4611-A476-AD926EEFDD4B}.Debug|Any CPU.ActiveCfg = Debug|Any CPU
		{0F8DBB2D-6806-4611-A476-AD926EEFDD4B}.Debug|Any CPU.Build.0 = Debug|Any CPU
		{0F8DBB2D-6806-4611-A476-AD926EEFDD4B}.Debug|x86.ActiveCfg = Debug|x86
		{0F8DBB2D-6806-4611-A476-AD926EEFDD4B}.Debug|x86.Build.0 = Debug|x86
		{0F8DBB2D-6806-4611-A476-AD926EEFDD4B}.Release|Any CPU.ActiveCfg = Release|Any CPU
		{0F8DBB2D-6806-4611-A476-AD926EEFDD4B}.Release|Any CPU.Build.0 = Release|Any CPU
		{0F8DBB2D-6806-4611-A476-AD926EEFDD4B}.Release|x86.ActiveCfg = Release|Any CPU
		{0F8DBB2D-6806-4611-A476-AD926EEFDD4B}.Release|x86.Build.0 = Release|Any CPU
		{82B3281B-D4B1-433D-959B-E9ED67F3F3B1}.Debug|Any CPU.ActiveCfg = Debug|Any CPU
		{82B3281B-D4B1-433D-959B-E9ED67F3F3B1}.Debug|Any CPU.Build.0 = Debug|Any CPU
		{82B3281B-D4B1-433D-959B-E9ED67F3F3B1}.Debug|x86.ActiveCfg = Debug|x86
		{82B3281B-D4B1-433D-959B-E9ED67F3F3B1}.Debug|x86.Build.0 = Debug|x86
		{82B3281B-D4B1-433D-959B-E9ED67F3F3B1}.Release|Any CPU.ActiveCfg = Release|Any CPU
		{82B3281B-D4B1-433D-959B-E9ED67F3F3B1}.Release|Any CPU.Build.0 = Release|Any CPU
		{82B3281B-D4B1-433D-959B-E9ED67F3F3B1}.Release|x86.ActiveCfg = Release|Any CPU
		{82B3281B-D4B1-433D-959B-E9ED67F3F3B1}.Release|x86.Build.0 = Release|Any CPU
		{D010C8B0-A1A7-4CB6-BBD5-77EC43828A7F}.Debug|Any CPU.ActiveCfg = Debug|x86
		{D010C8B0-A1A7-4CB6-BBD5-77EC43828A7F}.Debug|Any CPU.Build.0 = Debug|x86
		{D010C8B0-A1A7-4CB6-BBD5-77EC43828A7F}.Debug|x86.ActiveCfg = Debug|x86
		{D010C8B0-A1A7-4CB6-BBD5-77EC43828A7F}.Debug|x86.Build.0 = Debug|x86
		{D010C8B0-A1A7-4CB6-BBD5-77EC43828A7F}.Release|Any CPU.ActiveCfg = Release|Any CPU
		{D010C8B0-A1A7-4CB6-BBD5-77EC43828A7F}.Release|Any CPU.Build.0 = Release|Any CPU
		{D010C8B0-A1A7-4CB6-BBD5-77EC43828A7F}.Release|x86.ActiveCfg = Release|x86
		{D010C8B0-A1A7-4CB6-BBD5-77EC43828A7F}.Release|x86.Build.0 = Release|x86
		{F182AA3C-D499-4ABC-88E7-7A567584081B}.Debug|Any CPU.ActiveCfg = Debug|Any CPU
		{F182AA3C-D499-4ABC-88E7-7A567584081B}.Debug|Any CPU.Build.0 = Debug|Any CPU
		{F182AA3C-D499-4ABC-88E7-7A567584081B}.Debug|x86.ActiveCfg = Debug|x86
		{F182AA3C-D499-4ABC-88E7-7A567584081B}.Debug|x86.Build.0 = Debug|x86
		{F182AA3C-D499-4ABC-88E7-7A567584081B}.Release|Any CPU.ActiveCfg = Release|Any CPU
		{F182AA3C-D499-4ABC-88E7-7A567584081B}.Release|Any CPU.Build.0 = Release|Any CPU
		{F182AA3C-D499-4ABC-88E7-7A567584081B}.Release|x86.ActiveCfg = Release|Any CPU
		{F182AA3C-D499-4ABC-88E7-7A567584081B}.Release|x86.Build.0 = Release|Any CPU
	EndGlobalSection
	GlobalSection(SolutionProperties) = preSolution
		HideSolutionNode = FALSE
	EndGlobalSection
EndGlobal
